schema: '2.0'
stages:
  prepare:
    cmd: echo "Verificando que los datos existen..."
    deps:
    - path: data/iris_dataset.csv
      hash: md5
      md5: 4d301abed5efe50eccda350cde38e0eb
      size: 2777
  train:
    cmd: python train.py --n_estimators 50
    deps:
    - path: data/iris_dataset.csv
      hash: md5
      md5: 4d301abed5efe50eccda350cde38e0eb
      size: 2777
    - path: requirements.txt
      hash: md5
      md5: 75b7672e5ba4cf4aa54ed580bfc69780
      size: 102
    - path: train.py
      hash: md5
      md5: 90116b5de35fc5a92d5ea25386743126
      size: 3043
    params:
      params.yaml:
        train.n_estimators: 50
    outs:
    - path: confusion_matrix.png
      hash: md5
      md5: da12d7353284b5c9539aeaf1fd06e37d
      size: 19228
    - path: mlflow_metrics.json
      hash: md5
      md5: 9a0379eaa11dd7b9e9995a62a5f21656
      size: 17
    - path: model.pkl
      hash: md5
      md5: 62a0ca4f77b443f8612333249cec37e5
      size: 91841
