schema: '2.0'
stages:
  prepare:
    cmd: echo "Verificando que los datos existen..."
    deps:
    - path: data/iris_dataset.csv
      hash: md5
      md5: 6a022e8c85217ddf29176ee94de57aed
      size: 2813
  train:
    cmd: python train.py --n_estimators 50
    deps:
    - path: data/iris_dataset.csv
      hash: md5
      md5: 6a022e8c85217ddf29176ee94de57aed
      size: 2813
    - path: requirements.txt
      hash: md5
      md5: 75b7672e5ba4cf4aa54ed580bfc69780
      size: 102
    - path: train.py
      hash: md5
      md5: 90116b5de35fc5a92d5ea25386743126
      size: 3043
    params:
      params.yaml:
        train.n_estimators: 50
    outs:
    - path: confusion_matrix.png
      hash: md5
      md5: 0db986550c526b1604914e15c89f86e8
      size: 17955
    - path: mlflow_metrics.json
      hash: md5
      md5: 5673ad64c7b836f81537ee5efcad6eb6
      size: 32
    - path: model.pkl
      hash: md5
      md5: 803cbfa63b84e6b044ab7c5da4121c50
      size: 86033
